
Microsoft Visual Studio Solution File, Format Version 12.00
# Visual Studio 14
VisualStudioVersion = 14.0.24720.0
MinimumVisualStudioVersion = 10.0.40219.1
Project("{FAE04EC0-301F-11D3-BF4B-00C04F79EFBC}") = "Week1_ExtraPractical", "Week1_ExtraPractical\Week1_ExtraPractical.csproj", "{C6749EB4-D8B6-41C4-BF42-65A1F0FF72BD}"
EndProject
Global
	GlobalSection(SolutionConfigurationPlatforms) = preSolution
		Debug|Any CPU = Debug|Any CPU
		Release|Any CPU = Release|Any CPU
	EndGlobalSection
	GlobalSection(ProjectConfigurationPlatforms) = postSolution
		{C6749EB4-D8B6-41C4-BF42-65A1F0FF72BD}.Debug|Any CPU.ActiveCfg = Debug|Any CPU
		{C6749EB4-D8B6-41C4-BF42-65A1F0FF72BD}.Debug|Any CPU.Build.0 = Debug|Any CPU
		{C6749EB4-D8B6-41C4-BF42-65A1F0FF72BD}.Release|Any CPU.ActiveCfg = Release|Any CPU
		{C6749EB4-D8B6-41C4-BF42-65A1F0FF72BD}.Release|Any CPU.Build.0 = Release|Any CPU
	EndGlobalSection
	GlobalSection(SolutionProperties) = preSolution
		HideSolutionNode = FALSE
	EndGlobalSection
EndGlobal
