
Microsoft Visual Studio Solution File, Format Version 12.00
# Visual Studio 2013
VisualStudioVersion = 12.0.21005.1
MinimumVisualStudioVersion = 10.0.40219.1
Project("{FAE04EC0-301F-11D3-BF4B-00C04F79EFBC}") = "TrafficSimulator", "TrafficSimulator\TrafficSimulator.csproj", "{8D9469DF-45CF-42BD-9D09-CB9F75C26926}"
	ProjectSection(ProjectDependencies) = postProject
		{88D76406-6430-48B6-A237-FD19EA3A99A5} = {88D76406-6430-48B6-A237-FD19EA3A99A5}
	EndProjectSection
EndProject
Project("{2150E333-8FDC-42A3-9474-1A3956D46DE8}") = "Solution Items", "Solution Items", "{3822A084-25B4-4B76-85B5-70BFA8F0B950}"
	ProjectSection(SolutionItems) = preProject
		readme.txt = readme.txt
	EndProjectSection
EndProject
Project("{FAE04EC0-301F-11D3-BF4B-00C04F79EFBC}") = "TrafficSimulatorUi", "TrafficSimulatorUi\TrafficSimulatorUi.csproj", "{88D76406-6430-48B6-A237-FD19EA3A99A5}"
EndProject
Project("{FAE04EC0-301F-11D3-BF4B-00C04F79EFBC}") = "TrafficMessageReceiver", "TrafficMessageReceiver\TrafficMessageReceiver.csproj", "{5F732E32-99C3-4634-90FB-760C6A33697D}"
EndProject
Project("{FAE04EC0-301F-11D3-BF4B-00C04F79EFBC}") = "TrafficMessageServer", "TrafficMessageServer\TrafficMessageServer.csproj", "{B08185AF-7347-42AA-AD19-675F123372EA}"
EndProject
Project("{FAE04EC0-301F-11D3-BF4B-00C04F79EFBC}") = "TrafficMessageService", "TrafficMessageService\TrafficMessageService.csproj", "{78F3F279-E9EC-4805-8956-4D594F25A81D}"
EndProject
Project("{FAE04EC0-301F-11D3-BF4B-00C04F79EFBC}") = "TrafficMessageSender", "TrafficMessageSender\TrafficMessageSender.csproj", "{B443949E-451C-4FD9-8135-825DAF4A2CB7}"
EndProject
Project("{FAE04EC0-301F-11D3-BF4B-00C04F79EFBC}") = "ArduinoLib", "ArduinoLib\ArduinoLib.csproj", "{F8FD87AF-1FA5-4130-A741-33A9779BB25F}"
EndProject
Global
	GlobalSection(SolutionConfigurationPlatforms) = preSolution
		Debug|Any CPU = Debug|Any CPU
		Debug|Mixed Platforms = Debug|Mixed Platforms
		Debug|x86 = Debug|x86
		Release|Any CPU = Release|Any CPU
		Release|Mixed Platforms = Release|Mixed Platforms
		Release|x86 = Release|x86
	EndGlobalSection
	GlobalSection(ProjectConfigurationPlatforms) = postSolution
		{8D9469DF-45CF-42BD-9D09-CB9F75C26926}.Debug|Any CPU.ActiveCfg = Debug|x86
		{8D9469DF-45CF-42BD-9D09-CB9F75C26926}.Debug|Mixed Platforms.ActiveCfg = Debug|x86
		{8D9469DF-45CF-42BD-9D09-CB9F75C26926}.Debug|Mixed Platforms.Build.0 = Debug|x86
		{8D9469DF-45CF-42BD-9D09-CB9F75C26926}.Debug|x86.ActiveCfg = Debug|x86
		{8D9469DF-45CF-42BD-9D09-CB9F75C26926}.Debug|x86.Build.0 = Debug|x86
		{8D9469DF-45CF-42BD-9D09-CB9F75C26926}.Release|Any CPU.ActiveCfg = Release|x86
		{8D9469DF-45CF-42BD-9D09-CB9F75C26926}.Release|Mixed Platforms.ActiveCfg = Release|x86
		{8D9469DF-45CF-42BD-9D09-CB9F75C26926}.Release|Mixed Platforms.Build.0 = Release|x86
		{8D9469DF-45CF-42BD-9D09-CB9F75C26926}.Release|x86.ActiveCfg = Release|x86
		{8D9469DF-45CF-42BD-9D09-CB9F75C26926}.Release|x86.Build.0 = Release|x86
		{88D76406-6430-48B6-A237-FD19EA3A99A5}.Debug|Any CPU.ActiveCfg = Debug|Any CPU
		{88D76406-6430-48B6-A237-FD19EA3A99A5}.Debug|Any CPU.Build.0 = Debug|Any CPU
		{88D76406-6430-48B6-A237-FD19EA3A99A5}.Debug|Mixed Platforms.ActiveCfg = Debug|Any CPU
		{88D76406-6430-48B6-A237-FD19EA3A99A5}.Debug|Mixed Platforms.Build.0 = Debug|Any CPU
		{88D76406-6430-48B6-A237-FD19EA3A99A5}.Debug|x86.ActiveCfg = Debug|Any CPU
		{88D76406-6430-48B6-A237-FD19EA3A99A5}.Release|Any CPU.ActiveCfg = Release|Any CPU
		{88D76406-6430-48B6-A237-FD19EA3A99A5}.Release|Any CPU.Build.0 = Release|Any CPU
		{88D76406-6430-48B6-A237-FD19EA3A99A5}.Release|Mixed Platforms.ActiveCfg = Release|Any CPU
		{88D76406-6430-48B6-A237-FD19EA3A99A5}.Release|Mixed Platforms.Build.0 = Release|Any CPU
		{88D76406-6430-48B6-A237-FD19EA3A99A5}.Release|x86.ActiveCfg = Release|Any CPU
		{5F732E32-99C3-4634-90FB-760C6A33697D}.Debug|Any CPU.ActiveCfg = Debug|x86
		{5F732E32-99C3-4634-90FB-760C6A33697D}.Debug|Mixed Platforms.ActiveCfg = Debug|x86
		{5F732E32-99C3-4634-90FB-760C6A33697D}.Debug|Mixed Platforms.Build.0 = Debug|x86
		{5F732E32-99C3-4634-90FB-760C6A33697D}.Debug|x86.ActiveCfg = Debug|x86
		{5F732E32-99C3-4634-90FB-760C6A33697D}.Debug|x86.Build.0 = Debug|x86
		{5F732E32-99C3-4634-90FB-760C6A33697D}.Release|Any CPU.ActiveCfg = Release|x86
		{5F732E32-99C3-4634-90FB-760C6A33697D}.Release|Mixed Platforms.ActiveCfg = Release|x86
		{5F732E32-99C3-4634-90FB-760C6A33697D}.Release|Mixed Platforms.Build.0 = Release|x86
		{5F732E32-99C3-4634-90FB-760C6A33697D}.Release|x86.ActiveCfg = Release|x86
		{5F732E32-99C3-4634-90FB-760C6A33697D}.Release|x86.Build.0 = Release|x86
		{B08185AF-7347-42AA-AD19-675F123372EA}.Debug|Any CPU.ActiveCfg = Debug|x86
		{B08185AF-7347-42AA-AD19-675F123372EA}.Debug|Mixed Platforms.ActiveCfg = Debug|x86
		{B08185AF-7347-42AA-AD19-675F123372EA}.Debug|Mixed Platforms.Build.0 = Debug|x86
		{B08185AF-7347-42AA-AD19-675F123372EA}.Debug|x86.ActiveCfg = Debug|x86
		{B08185AF-7347-42AA-AD19-675F123372EA}.Debug|x86.Build.0 = Debug|x86
		{B08185AF-7347-42AA-AD19-675F123372EA}.Release|Any CPU.ActiveCfg = Release|x86
		{B08185AF-7347-42AA-AD19-675F123372EA}.Release|Mixed Platforms.ActiveCfg = Release|x86
		{B08185AF-7347-42AA-AD19-675F123372EA}.Release|Mixed Platforms.Build.0 = Release|x86
		{B08185AF-7347-42AA-AD19-675F123372EA}.Release|x86.ActiveCfg = Release|x86
		{B08185AF-7347-42AA-AD19-675F123372EA}.Release|x86.Build.0 = Release|x86
		{78F3F279-E9EC-4805-8956-4D594F25A81D}.Debug|Any CPU.ActiveCfg = Debug|Any CPU
		{78F3F279-E9EC-4805-8956-4D594F25A81D}.Debug|Any CPU.Build.0 = Debug|Any CPU
		{78F3F279-E9EC-4805-8956-4D594F25A81D}.Debug|Mixed Platforms.ActiveCfg = Debug|Any CPU
		{78F3F279-E9EC-4805-8956-4D594F25A81D}.Debug|Mixed Platforms.Build.0 = Debug|Any CPU
		{78F3F279-E9EC-4805-8956-4D594F25A81D}.Debug|x86.ActiveCfg = Debug|Any CPU
		{78F3F279-E9EC-4805-8956-4D594F25A81D}.Release|Any CPU.ActiveCfg = Release|Any CPU
		{78F3F279-E9EC-4805-8956-4D594F25A81D}.Release|Any CPU.Build.0 = Release|Any CPU
		{78F3F279-E9EC-4805-8956-4D594F25A81D}.Release|Mixed Platforms.ActiveCfg = Release|Any CPU
		{78F3F279-E9EC-4805-8956-4D594F25A81D}.Release|Mixed Platforms.Build.0 = Release|Any CPU
		{78F3F279-E9EC-4805-8956-4D594F25A81D}.Release|x86.ActiveCfg = Release|Any CPU
		{B443949E-451C-4FD9-8135-825DAF4A2CB7}.Debug|Any CPU.ActiveCfg = Debug|x86
		{B443949E-451C-4FD9-8135-825DAF4A2CB7}.Debug|Mixed Platforms.ActiveCfg = Debug|x86
		{B443949E-451C-4FD9-8135-825DAF4A2CB7}.Debug|Mixed Platforms.Build.0 = Debug|x86
		{B443949E-451C-4FD9-8135-825DAF4A2CB7}.Debug|x86.ActiveCfg = Debug|x86
		{B443949E-451C-4FD9-8135-825DAF4A2CB7}.Debug|x86.Build.0 = Debug|x86
		{B443949E-451C-4FD9-8135-825DAF4A2CB7}.Release|Any CPU.ActiveCfg = Release|x86
		{B443949E-451C-4FD9-8135-825DAF4A2CB7}.Release|Mixed Platforms.ActiveCfg = Release|x86
		{B443949E-451C-4FD9-8135-825DAF4A2CB7}.Release|Mixed Platforms.Build.0 = Release|x86
		{B443949E-451C-4FD9-8135-825DAF4A2CB7}.Release|x86.ActiveCfg = Release|x86
		{B443949E-451C-4FD9-8135-825DAF4A2CB7}.Release|x86.Build.0 = Release|x86
		{F8FD87AF-1FA5-4130-A741-33A9779BB25F}.Debug|Any CPU.ActiveCfg = Debug|Any CPU
		{F8FD87AF-1FA5-4130-A741-33A9779BB25F}.Debug|Any CPU.Build.0 = Debug|Any CPU
		{F8FD87AF-1FA5-4130-A741-33A9779BB25F}.Debug|Mixed Platforms.ActiveCfg = Debug|Any CPU
		{F8FD87AF-1FA5-4130-A741-33A9779BB25F}.Debug|Mixed Platforms.Build.0 = Debug|Any CPU
		{F8FD87AF-1FA5-4130-A741-33A9779BB25F}.Debug|x86.ActiveCfg = Debug|Any CPU
		{F8FD87AF-1FA5-4130-A741-33A9779BB25F}.Release|Any CPU.ActiveCfg = Release|Any CPU
		{F8FD87AF-1FA5-4130-A741-33A9779BB25F}.Release|Any CPU.Build.0 = Release|Any CPU
		{F8FD87AF-1FA5-4130-A741-33A9779BB25F}.Release|Mixed Platforms.ActiveCfg = Release|Any CPU
		{F8FD87AF-1FA5-4130-A741-33A9779BB25F}.Release|Mixed Platforms.Build.0 = Release|Any CPU
		{F8FD87AF-1FA5-4130-A741-33A9779BB25F}.Release|x86.ActiveCfg = Release|Any CPU
	EndGlobalSection
	GlobalSection(SolutionProperties) = preSolution
		HideSolutionNode = FALSE
	EndGlobalSection
EndGlobal
