
Microsoft Visual Studio Solution File, Format Version 12.00
# Visual Studio 15
VisualStudioVersion = 15.0.26730.10
MinimumVisualStudioVersion = 10.0.40219.1
Project("{FAE04EC0-301F-11D3-BF4B-00C04F79EFBC}") = "project_3.4", "project_3.4\project_3.4.csproj", "{2C2CFD54-837C-421A-BE70-147C592CDA93}"
EndProject
Global
	GlobalSection(SolutionConfigurationPlatforms) = preSolution
		Debug|Any CPU = Debug|Any CPU
		Release|Any CPU = Release|Any CPU
	EndGlobalSection
	GlobalSection(ProjectConfigurationPlatforms) = postSolution
		{2C2CFD54-837C-421A-BE70-147C592CDA93}.Debug|Any CPU.ActiveCfg = Debug|Any CPU
		{2C2CFD54-837C-421A-BE70-147C592CDA93}.Debug|Any CPU.Build.0 = Debug|Any CPU
		{2C2CFD54-837C-421A-BE70-147C592CDA93}.Release|Any CPU.ActiveCfg = Release|Any CPU
		{2C2CFD54-837C-421A-BE70-147C592CDA93}.Release|Any CPU.Build.0 = Release|Any CPU
	EndGlobalSection
	GlobalSection(SolutionProperties) = preSolution
		HideSolutionNode = FALSE
	EndGlobalSection
	GlobalSection(ExtensibilityGlobals) = postSolution
		SolutionGuid = {63F5E01E-6E9F-4733-A5FE-61FB6375C0E4}
	EndGlobalSection
EndGlobal
