
Microsoft Visual Studio Solution File, Format Version 12.00
# Visual Studio 15
VisualStudioVersion = 15.0.26730.10
MinimumVisualStudioVersion = 10.0.40219.1
Project("{FAE04EC0-301F-11D3-BF4B-00C04F79EFBC}") = "project_14", "project_14\project_14.csproj", "{58B9A7B3-75CD-445E-97CE-84EAF64CA6B6}"
EndProject
Global
	GlobalSection(SolutionConfigurationPlatforms) = preSolution
		Debug|Any CPU = Debug|Any CPU
		Release|Any CPU = Release|Any CPU
	EndGlobalSection
	GlobalSection(ProjectConfigurationPlatforms) = postSolution
		{58B9A7B3-75CD-445E-97CE-84EAF64CA6B6}.Debug|Any CPU.ActiveCfg = Debug|Any CPU
		{58B9A7B3-75CD-445E-97CE-84EAF64CA6B6}.Debug|Any CPU.Build.0 = Debug|Any CPU
		{58B9A7B3-75CD-445E-97CE-84EAF64CA6B6}.Release|Any CPU.ActiveCfg = Release|Any CPU
		{58B9A7B3-75CD-445E-97CE-84EAF64CA6B6}.Release|Any CPU.Build.0 = Release|Any CPU
	EndGlobalSection
	GlobalSection(SolutionProperties) = preSolution
		HideSolutionNode = FALSE
	EndGlobalSection
	GlobalSection(ExtensibilityGlobals) = postSolution
		SolutionGuid = {B5C43FBB-89F3-4B7B-B587-1818476EA11C}
	EndGlobalSection
EndGlobal
