
Microsoft Visual Studio Solution File, Format Version 12.00
# Visual Studio 15
VisualStudioVersion = 15.0.26730.10
MinimumVisualStudioVersion = 10.0.40219.1
Project("{FAE04EC0-301F-11D3-BF4B-00C04F79EFBC}") = "project_3.4", "project_3.4\project_3.4.csproj", "{DFB751E7-2F33-452D-9670-79A894861313}"
EndProject
Global
	GlobalSection(SolutionConfigurationPlatforms) = preSolution
		Debug|Any CPU = Debug|Any CPU
		Release|Any CPU = Release|Any CPU
	EndGlobalSection
	GlobalSection(ProjectConfigurationPlatforms) = postSolution
		{DFB751E7-2F33-452D-9670-79A894861313}.Debug|Any CPU.ActiveCfg = Debug|Any CPU
		{DFB751E7-2F33-452D-9670-79A894861313}.Debug|Any CPU.Build.0 = Debug|Any CPU
		{DFB751E7-2F33-452D-9670-79A894861313}.Release|Any CPU.ActiveCfg = Release|Any CPU
		{DFB751E7-2F33-452D-9670-79A894861313}.Release|Any CPU.Build.0 = Release|Any CPU
	EndGlobalSection
	GlobalSection(SolutionProperties) = preSolution
		HideSolutionNode = FALSE
	EndGlobalSection
	GlobalSection(ExtensibilityGlobals) = postSolution
		SolutionGuid = {0E602E67-B8F9-4FE0-9D5A-2C1B1F9E1ACA}
	EndGlobalSection
EndGlobal
