
Microsoft Visual Studio Solution File, Format Version 12.00
# Visual Studio 15
VisualStudioVersion = 15.0.26730.10
MinimumVisualStudioVersion = 10.0.40219.1
Project("{FAE04EC0-301F-11D3-BF4B-00C04F79EFBC}") = "project_17", "project_17\project_17.csproj", "{2DE25106-2C05-4BA9-92AA-D7B0322BFA41}"
EndProject
Global
	GlobalSection(SolutionConfigurationPlatforms) = preSolution
		Debug|Any CPU = Debug|Any CPU
		Release|Any CPU = Release|Any CPU
	EndGlobalSection
	GlobalSection(ProjectConfigurationPlatforms) = postSolution
		{2DE25106-2C05-4BA9-92AA-D7B0322BFA41}.Debug|Any CPU.ActiveCfg = Debug|Any CPU
		{2DE25106-2C05-4BA9-92AA-D7B0322BFA41}.Debug|Any CPU.Build.0 = Debug|Any CPU
		{2DE25106-2C05-4BA9-92AA-D7B0322BFA41}.Release|Any CPU.ActiveCfg = Release|Any CPU
		{2DE25106-2C05-4BA9-92AA-D7B0322BFA41}.Release|Any CPU.Build.0 = Release|Any CPU
	EndGlobalSection
	GlobalSection(SolutionProperties) = preSolution
		HideSolutionNode = FALSE
	EndGlobalSection
	GlobalSection(ExtensibilityGlobals) = postSolution
		SolutionGuid = {4DD5B152-AE8D-4986-A6D0-7F5ECBA46429}
	EndGlobalSection
EndGlobal
