
Microsoft Visual Studio Solution File, Format Version 12.00
# Visual Studio 15
VisualStudioVersion = 15.0.28307.329
MinimumVisualStudioVersion = 10.0.40219.1
Project("{FAE04EC0-301F-11D3-BF4B-00C04F79EFBC}") = "contract", "contract\contract.csproj", "{898314F1-08C1-4F74-8215-C85970FD0A28}"
EndProject
Project("{FAE04EC0-301F-11D3-BF4B-00C04F79EFBC}") = "service", "service\service.csproj", "{C07B5DB9-30F1-4B80-94D6-7F1AD2A8EB1B}"
EndProject
Project("{FAE04EC0-301F-11D3-BF4B-00C04F79EFBC}") = "client", "client\client.csproj", "{93A35E2E-49CF-4410-BEB7-7F86651DB66A}"
EndProject
Global
	GlobalSection(SolutionConfigurationPlatforms) = preSolution
		Debug|Any CPU = Debug|Any CPU
		Release|Any CPU = Release|Any CPU
	EndGlobalSection
	GlobalSection(ProjectConfigurationPlatforms) = postSolution
		{898314F1-08C1-4F74-8215-C85970FD0A28}.Debug|Any CPU.ActiveCfg = Debug|Any CPU
		{898314F1-08C1-4F74-8215-C85970FD0A28}.Debug|Any CPU.Build.0 = Debug|Any CPU
		{898314F1-08C1-4F74-8215-C85970FD0A28}.Release|Any CPU.ActiveCfg = Release|Any CPU
		{898314F1-08C1-4F74-8215-C85970FD0A28}.Release|Any CPU.Build.0 = Release|Any CPU
		{C07B5DB9-30F1-4B80-94D6-7F1AD2A8EB1B}.Debug|Any CPU.ActiveCfg = Debug|Any CPU
		{C07B5DB9-30F1-4B80-94D6-7F1AD2A8EB1B}.Debug|Any CPU.Build.0 = Debug|Any CPU
		{C07B5DB9-30F1-4B80-94D6-7F1AD2A8EB1B}.Release|Any CPU.ActiveCfg = Release|Any CPU
		{C07B5DB9-30F1-4B80-94D6-7F1AD2A8EB1B}.Release|Any CPU.Build.0 = Release|Any CPU
		{93A35E2E-49CF-4410-BEB7-7F86651DB66A}.Debug|Any CPU.ActiveCfg = Debug|Any CPU
		{93A35E2E-49CF-4410-BEB7-7F86651DB66A}.Debug|Any CPU.Build.0 = Debug|Any CPU
		{93A35E2E-49CF-4410-BEB7-7F86651DB66A}.Release|Any CPU.ActiveCfg = Release|Any CPU
		{93A35E2E-49CF-4410-BEB7-7F86651DB66A}.Release|Any CPU.Build.0 = Release|Any CPU
	EndGlobalSection
	GlobalSection(SolutionProperties) = preSolution
		HideSolutionNode = FALSE
	EndGlobalSection
	GlobalSection(ExtensibilityGlobals) = postSolution
		SolutionGuid = {02272A9E-EF77-44C8-A79B-BFB8834409C3}
	EndGlobalSection
EndGlobal
