
Microsoft Visual Studio Solution File, Format Version 12.00
# Visual Studio 15
VisualStudioVersion = 15.0.26730.10
MinimumVisualStudioVersion = 10.0.40219.1
Project("{FAE04EC0-301F-11D3-BF4B-00C04F79EFBC}") = "project_6.1", "project_6.1\project_6.1.csproj", "{3C2005A2-6459-42C0-B891-E7AA1F2EA26B}"
EndProject
Global
	GlobalSection(SolutionConfigurationPlatforms) = preSolution
		Debug|Any CPU = Debug|Any CPU
		Release|Any CPU = Release|Any CPU
	EndGlobalSection
	GlobalSection(ProjectConfigurationPlatforms) = postSolution
		{3C2005A2-6459-42C0-B891-E7AA1F2EA26B}.Debug|Any CPU.ActiveCfg = Debug|Any CPU
		{3C2005A2-6459-42C0-B891-E7AA1F2EA26B}.Debug|Any CPU.Build.0 = Debug|Any CPU
		{3C2005A2-6459-42C0-B891-E7AA1F2EA26B}.Release|Any CPU.ActiveCfg = Release|Any CPU
		{3C2005A2-6459-42C0-B891-E7AA1F2EA26B}.Release|Any CPU.Build.0 = Release|Any CPU
	EndGlobalSection
	GlobalSection(SolutionProperties) = preSolution
		HideSolutionNode = FALSE
	EndGlobalSection
	GlobalSection(ExtensibilityGlobals) = postSolution
		SolutionGuid = {42E08FFE-067F-4942-A808-5EECC64F7940}
	EndGlobalSection
EndGlobal
