
Microsoft Visual Studio Solution File, Format Version 12.00
# Visual Studio Version 16
VisualStudioVersion = 16.0.29609.76
MinimumVisualStudioVersion = 10.0.40219.1
Project("{9A19103F-16F7-4668-BE54-9A1E7A4F7556}") = "Shapes", "Interfaces And Abstraction Exerciese\Shapes.csproj", "{AB519EB9-BEC5-46CB-8F27-D57CBB4BEC95}"
EndProject
Project("{9A19103F-16F7-4668-BE54-9A1E7A4F7556}") = "Cars", "Cars\Cars.csproj", "{3914C7F3-9D4A-405A-AF5F-527D6C61D98B}"
EndProject
Project("{FAE04EC0-301F-11D3-BF4B-00C04F79EFBC}") = "Person", "Person\Person.csproj", "{94EF97F4-A1FC-4FE4-8509-B88AF406E240}"
EndProject
Project("{FAE04EC0-301F-11D3-BF4B-00C04F79EFBC}") = "Telephony", "Telephony\Telephony.csproj", "{1C4AFBCB-A706-4D25-8D24-1A160D59F350}"
EndProject
Project("{FAE04EC0-301F-11D3-BF4B-00C04F79EFBC}") = "Border Control", "Border Control\Border Control.csproj", "{0093D4E6-6B16-4F71-8EB5-6A3AEADFBFEB}"
EndProject
Global
	GlobalSection(SolutionConfigurationPlatforms) = preSolution
		Debug|Any CPU = Debug|Any CPU
		Release|Any CPU = Release|Any CPU
	EndGlobalSection
	GlobalSection(ProjectConfigurationPlatforms) = postSolution
		{AB519EB9-BEC5-46CB-8F27-D57CBB4BEC95}.Debug|Any CPU.ActiveCfg = Debug|Any CPU
		{AB519EB9-BEC5-46CB-8F27-D57CBB4BEC95}.Debug|Any CPU.Build.0 = Debug|Any CPU
		{AB519EB9-BEC5-46CB-8F27-D57CBB4BEC95}.Release|Any CPU.ActiveCfg = Release|Any CPU
		{AB519EB9-BEC5-46CB-8F27-D57CBB4BEC95}.Release|Any CPU.Build.0 = Release|Any CPU
		{3914C7F3-9D4A-405A-AF5F-527D6C61D98B}.Debug|Any CPU.ActiveCfg = Debug|Any CPU
		{3914C7F3-9D4A-405A-AF5F-527D6C61D98B}.Debug|Any CPU.Build.0 = Debug|Any CPU
		{3914C7F3-9D4A-405A-AF5F-527D6C61D98B}.Release|Any CPU.ActiveCfg = Release|Any CPU
		{3914C7F3-9D4A-405A-AF5F-527D6C61D98B}.Release|Any CPU.Build.0 = Release|Any CPU
		{94EF97F4-A1FC-4FE4-8509-B88AF406E240}.Debug|Any CPU.ActiveCfg = Debug|Any CPU
		{94EF97F4-A1FC-4FE4-8509-B88AF406E240}.Debug|Any CPU.Build.0 = Debug|Any CPU
		{94EF97F4-A1FC-4FE4-8509-B88AF406E240}.Release|Any CPU.ActiveCfg = Release|Any CPU
		{94EF97F4-A1FC-4FE4-8509-B88AF406E240}.Release|Any CPU.Build.0 = Release|Any CPU
		{1C4AFBCB-A706-4D25-8D24-1A160D59F350}.Debug|Any CPU.ActiveCfg = Debug|Any CPU
		{1C4AFBCB-A706-4D25-8D24-1A160D59F350}.Debug|Any CPU.Build.0 = Debug|Any CPU
		{1C4AFBCB-A706-4D25-8D24-1A160D59F350}.Release|Any CPU.ActiveCfg = Release|Any CPU
		{1C4AFBCB-A706-4D25-8D24-1A160D59F350}.Release|Any CPU.Build.0 = Release|Any CPU
		{0093D4E6-6B16-4F71-8EB5-6A3AEADFBFEB}.Debug|Any CPU.ActiveCfg = Debug|Any CPU
		{0093D4E6-6B16-4F71-8EB5-6A3AEADFBFEB}.Debug|Any CPU.Build.0 = Debug|Any CPU
		{0093D4E6-6B16-4F71-8EB5-6A3AEADFBFEB}.Release|Any CPU.ActiveCfg = Release|Any CPU
		{0093D4E6-6B16-4F71-8EB5-6A3AEADFBFEB}.Release|Any CPU.Build.0 = Release|Any CPU
	EndGlobalSection
	GlobalSection(SolutionProperties) = preSolution
		HideSolutionNode = FALSE
	EndGlobalSection
	GlobalSection(ExtensibilityGlobals) = postSolution
		SolutionGuid = {4C9A665F-B347-4A5B-B2CC-F23EDAD85CBB}
	EndGlobalSection
EndGlobal
