
Microsoft Visual Studio Solution File, Format Version 12.00
# Visual Studio 15
VisualStudioVersion = 15.0.26730.10
MinimumVisualStudioVersion = 10.0.40219.1
Project("{FAE04EC0-301F-11D3-BF4B-00C04F79EFBC}") = "project_6.5a", "project_6.5a\project_6.5a.csproj", "{39920E4B-0802-4502-B84C-4872C3A6330C}"
EndProject
Global
	GlobalSection(SolutionConfigurationPlatforms) = preSolution
		Debug|Any CPU = Debug|Any CPU
		Release|Any CPU = Release|Any CPU
	EndGlobalSection
	GlobalSection(ProjectConfigurationPlatforms) = postSolution
		{39920E4B-0802-4502-B84C-4872C3A6330C}.Debug|Any CPU.ActiveCfg = Debug|Any CPU
		{39920E4B-0802-4502-B84C-4872C3A6330C}.Debug|Any CPU.Build.0 = Debug|Any CPU
		{39920E4B-0802-4502-B84C-4872C3A6330C}.Release|Any CPU.ActiveCfg = Release|Any CPU
		{39920E4B-0802-4502-B84C-4872C3A6330C}.Release|Any CPU.Build.0 = Release|Any CPU
	EndGlobalSection
	GlobalSection(SolutionProperties) = preSolution
		HideSolutionNode = FALSE
	EndGlobalSection
	GlobalSection(ExtensibilityGlobals) = postSolution
		SolutionGuid = {E6891F99-075B-4D9B-A864-BE158F30D2C5}
	EndGlobalSection
EndGlobal
