
Microsoft Visual Studio Solution File, Format Version 12.00
# Visual Studio Version 16
VisualStudioVersion = 16.0.29215.179
MinimumVisualStudioVersion = 10.0.40219.1
Project("{FAE04EC0-301F-11D3-BF4B-00C04F79EFBC}") = "ArduinoComs", "ArduinoComs\ArduinoComs.csproj", "{93804237-F70C-490A-8982-747AECFFC989}"
EndProject
Global
	GlobalSection(SolutionConfigurationPlatforms) = preSolution
		Debug|Any CPU = Debug|Any CPU
		Release|Any CPU = Release|Any CPU
	EndGlobalSection
	GlobalSection(ProjectConfigurationPlatforms) = postSolution
		{93804237-F70C-490A-8982-747AECFFC989}.Debug|Any CPU.ActiveCfg = Debug|Any CPU
		{93804237-F70C-490A-8982-747AECFFC989}.Debug|Any CPU.Build.0 = Debug|Any CPU
		{93804237-F70C-490A-8982-747AECFFC989}.Release|Any CPU.ActiveCfg = Release|Any CPU
		{93804237-F70C-490A-8982-747AECFFC989}.Release|Any CPU.Build.0 = Release|Any CPU
	EndGlobalSection
	GlobalSection(SolutionProperties) = preSolution
		HideSolutionNode = FALSE
	EndGlobalSection
	GlobalSection(ExtensibilityGlobals) = postSolution
		SolutionGuid = {B492ED23-E073-409D-A01A-79A9F4752EC1}
	EndGlobalSection
EndGlobal
