
Microsoft Visual Studio Solution File, Format Version 12.00
# Visual Studio 15
VisualStudioVersion = 15.0.26730.10
MinimumVisualStudioVersion = 10.0.40219.1
Project("{FAE04EC0-301F-11D3-BF4B-00C04F79EFBC}") = "project_13", "project_13\project_13.csproj", "{7839521B-2CD4-41D6-AE9E-3C952134F4EC}"
EndProject
Global
	GlobalSection(SolutionConfigurationPlatforms) = preSolution
		Debug|Any CPU = Debug|Any CPU
		Release|Any CPU = Release|Any CPU
	EndGlobalSection
	GlobalSection(ProjectConfigurationPlatforms) = postSolution
		{7839521B-2CD4-41D6-AE9E-3C952134F4EC}.Debug|Any CPU.ActiveCfg = Debug|Any CPU
		{7839521B-2CD4-41D6-AE9E-3C952134F4EC}.Debug|Any CPU.Build.0 = Debug|Any CPU
		{7839521B-2CD4-41D6-AE9E-3C952134F4EC}.Release|Any CPU.ActiveCfg = Release|Any CPU
		{7839521B-2CD4-41D6-AE9E-3C952134F4EC}.Release|Any CPU.Build.0 = Release|Any CPU
	EndGlobalSection
	GlobalSection(SolutionProperties) = preSolution
		HideSolutionNode = FALSE
	EndGlobalSection
	GlobalSection(ExtensibilityGlobals) = postSolution
		SolutionGuid = {B52ABAE2-077B-44D3-8C29-CB070F45B04E}
	EndGlobalSection
EndGlobal
