
Microsoft Visual Studio Solution File, Format Version 12.00
# Visual Studio Version 16
VisualStudioVersion = 16.0.29215.179
MinimumVisualStudioVersion = 10.0.40219.1
Project("{FAE04EC0-301F-11D3-BF4B-00C04F79EFBC}") = "GUI_Pizza_L", "GUI_Pizza_L\GUI_Pizza_L.csproj", "{FAD3F192-D8E8-4F71-9E03-0E79A1AC89D4}"
EndProject
Global
	GlobalSection(SolutionConfigurationPlatforms) = preSolution
		Debug|Any CPU = Debug|Any CPU
		Release|Any CPU = Release|Any CPU
	EndGlobalSection
	GlobalSection(ProjectConfigurationPlatforms) = postSolution
		{FAD3F192-D8E8-4F71-9E03-0E79A1AC89D4}.Debug|Any CPU.ActiveCfg = Debug|Any CPU
		{FAD3F192-D8E8-4F71-9E03-0E79A1AC89D4}.Debug|Any CPU.Build.0 = Debug|Any CPU
		{FAD3F192-D8E8-4F71-9E03-0E79A1AC89D4}.Release|Any CPU.ActiveCfg = Release|Any CPU
		{FAD3F192-D8E8-4F71-9E03-0E79A1AC89D4}.Release|Any CPU.Build.0 = Release|Any CPU
	EndGlobalSection
	GlobalSection(SolutionProperties) = preSolution
		HideSolutionNode = FALSE
	EndGlobalSection
	GlobalSection(ExtensibilityGlobals) = postSolution
		SolutionGuid = {E88D87F4-6209-4C65-B269-9F736314C635}
	EndGlobalSection
EndGlobal
