
Microsoft Visual Studio Solution File, Format Version 12.00
# Visual Studio 15
VisualStudioVersion = 15.0.26730.10
MinimumVisualStudioVersion = 10.0.40219.1
Project("{FAE04EC0-301F-11D3-BF4B-00C04F79EFBC}") = "project_6.5b", "project_6.5b\project_6.5b.csproj", "{2B87C354-AB03-449E-A0DF-1873F3DA1A98}"
EndProject
Global
	GlobalSection(SolutionConfigurationPlatforms) = preSolution
		Debug|Any CPU = Debug|Any CPU
		Release|Any CPU = Release|Any CPU
	EndGlobalSection
	GlobalSection(ProjectConfigurationPlatforms) = postSolution
		{2B87C354-AB03-449E-A0DF-1873F3DA1A98}.Debug|Any CPU.ActiveCfg = Debug|Any CPU
		{2B87C354-AB03-449E-A0DF-1873F3DA1A98}.Debug|Any CPU.Build.0 = Debug|Any CPU
		{2B87C354-AB03-449E-A0DF-1873F3DA1A98}.Release|Any CPU.ActiveCfg = Release|Any CPU
		{2B87C354-AB03-449E-A0DF-1873F3DA1A98}.Release|Any CPU.Build.0 = Release|Any CPU
	EndGlobalSection
	GlobalSection(SolutionProperties) = preSolution
		HideSolutionNode = FALSE
	EndGlobalSection
	GlobalSection(ExtensibilityGlobals) = postSolution
		SolutionGuid = {D212B25A-650C-430F-82B3-6898387E10F6}
	EndGlobalSection
EndGlobal
