
Microsoft Visual Studio Solution File, Format Version 12.00
# Visual Studio 15
VisualStudioVersion = 15.0.27428.2015
MinimumVisualStudioVersion = 10.0.40219.1
Project("{FAE04EC0-301F-11D3-BF4B-00C04F79EFBC}") = "project_5.3", "project_5.3\project_5.3.csproj", "{7B614B85-98E8-4A55-8134-1EC32E7B9971}"
EndProject
Global
	GlobalSection(SolutionConfigurationPlatforms) = preSolution
		Debug|Any CPU = Debug|Any CPU
		Release|Any CPU = Release|Any CPU
	EndGlobalSection
	GlobalSection(ProjectConfigurationPlatforms) = postSolution
		{7B614B85-98E8-4A55-8134-1EC32E7B9971}.Debug|Any CPU.ActiveCfg = Debug|Any CPU
		{7B614B85-98E8-4A55-8134-1EC32E7B9971}.Debug|Any CPU.Build.0 = Debug|Any CPU
		{7B614B85-98E8-4A55-8134-1EC32E7B9971}.Release|Any CPU.ActiveCfg = Release|Any CPU
		{7B614B85-98E8-4A55-8134-1EC32E7B9971}.Release|Any CPU.Build.0 = Release|Any CPU
	EndGlobalSection
	GlobalSection(SolutionProperties) = preSolution
		HideSolutionNode = FALSE
	EndGlobalSection
	GlobalSection(ExtensibilityGlobals) = postSolution
		SolutionGuid = {700CCF90-6392-45F8-98CC-B8C88BC34F0D}
	EndGlobalSection
EndGlobal
