
Microsoft Visual Studio Solution File, Format Version 12.00
# Visual Studio 15
VisualStudioVersion = 15.0.26730.10
MinimumVisualStudioVersion = 10.0.40219.1
Project("{FAE04EC0-301F-11D3-BF4B-00C04F79EFBC}") = "project_6.13", "project_6.13\project_6.13.csproj", "{5FDAA5F5-0F36-4A69-837A-D9E7BCC2F5B5}"
EndProject
Global
	GlobalSection(SolutionConfigurationPlatforms) = preSolution
		Debug|Any CPU = Debug|Any CPU
		Release|Any CPU = Release|Any CPU
	EndGlobalSection
	GlobalSection(ProjectConfigurationPlatforms) = postSolution
		{5FDAA5F5-0F36-4A69-837A-D9E7BCC2F5B5}.Debug|Any CPU.ActiveCfg = Debug|Any CPU
		{5FDAA5F5-0F36-4A69-837A-D9E7BCC2F5B5}.Debug|Any CPU.Build.0 = Debug|Any CPU
		{5FDAA5F5-0F36-4A69-837A-D9E7BCC2F5B5}.Release|Any CPU.ActiveCfg = Release|Any CPU
		{5FDAA5F5-0F36-4A69-837A-D9E7BCC2F5B5}.Release|Any CPU.Build.0 = Release|Any CPU
	EndGlobalSection
	GlobalSection(SolutionProperties) = preSolution
		HideSolutionNode = FALSE
	EndGlobalSection
	GlobalSection(ExtensibilityGlobals) = postSolution
		SolutionGuid = {72C341D2-B4FB-453A-B27F-8FC8E881E626}
	EndGlobalSection
EndGlobal
