
Microsoft Visual Studio Solution File, Format Version 12.00
# Visual Studio Version 16
VisualStudioVersion = 16.0.29609.76
MinimumVisualStudioVersion = 10.0.40219.1
Project("{FAE04EC0-301F-11D3-BF4B-00C04F79EFBC}") = "PizzaShopRevisited", "PizzaShopRevisited\PizzaShopRevisited.csproj", "{50619468-0301-4FDF-9D2A-ECEF2514A691}"
EndProject
Global
	GlobalSection(SolutionConfigurationPlatforms) = preSolution
		Debug|Any CPU = Debug|Any CPU
		Release|Any CPU = Release|Any CPU
	EndGlobalSection
	GlobalSection(ProjectConfigurationPlatforms) = postSolution
		{50619468-0301-4FDF-9D2A-ECEF2514A691}.Debug|Any CPU.ActiveCfg = Debug|Any CPU
		{50619468-0301-4FDF-9D2A-ECEF2514A691}.Debug|Any CPU.Build.0 = Debug|Any CPU
		{50619468-0301-4FDF-9D2A-ECEF2514A691}.Release|Any CPU.ActiveCfg = Release|Any CPU
		{50619468-0301-4FDF-9D2A-ECEF2514A691}.Release|Any CPU.Build.0 = Release|Any CPU
	EndGlobalSection
	GlobalSection(SolutionProperties) = preSolution
		HideSolutionNode = FALSE
	EndGlobalSection
	GlobalSection(ExtensibilityGlobals) = postSolution
		SolutionGuid = {36633FAF-8525-4508-8CA3-C17354C45DFD}
	EndGlobalSection
EndGlobal
