
Microsoft Visual Studio Solution File, Format Version 12.00
# Visual Studio 15
VisualStudioVersion = 15.0.26730.10
MinimumVisualStudioVersion = 10.0.40219.1
Project("{FAE04EC0-301F-11D3-BF4B-00C04F79EFBC}") = "project_5.10b", "project_5.10b\project_5.10b.csproj", "{A0E6FED1-184D-4C05-B53D-5CECBFD6A5E5}"
EndProject
Global
	GlobalSection(SolutionConfigurationPlatforms) = preSolution
		Debug|Any CPU = Debug|Any CPU
		Release|Any CPU = Release|Any CPU
	EndGlobalSection
	GlobalSection(ProjectConfigurationPlatforms) = postSolution
		{A0E6FED1-184D-4C05-B53D-5CECBFD6A5E5}.Debug|Any CPU.ActiveCfg = Debug|Any CPU
		{A0E6FED1-184D-4C05-B53D-5CECBFD6A5E5}.Debug|Any CPU.Build.0 = Debug|Any CPU
		{A0E6FED1-184D-4C05-B53D-5CECBFD6A5E5}.Release|Any CPU.ActiveCfg = Release|Any CPU
		{A0E6FED1-184D-4C05-B53D-5CECBFD6A5E5}.Release|Any CPU.Build.0 = Release|Any CPU
	EndGlobalSection
	GlobalSection(SolutionProperties) = preSolution
		HideSolutionNode = FALSE
	EndGlobalSection
	GlobalSection(ExtensibilityGlobals) = postSolution
		SolutionGuid = {B99A65E2-B347-4493-A979-8753DF0A862C}
	EndGlobalSection
EndGlobal
